// !$*UTF8*$!
{
	archiveVersion = 1;
	classes = {
	};
	objectVersion = 48;
	objects = {

/* Begin PBXBuildFile section */
		8CB799D51F23C1EE00EF764E /* ViewController.swift in Sources */ = {isa = PBXBuildFile; fileRef = 8CB799D41F23C1EE00EF764E /* ViewController.swift */; };
		8CB799D81F23C1EE00EF764E /* Main.storyboard in Resources */ = {isa = PBXBuildFile; fileRef = 8CB799D61F23C1EE00EF764E /* Main.storyboard */; };
		8CB799DA1F23C1EE00EF764E /* Assets.xcassets in Resources */ = {isa = PBXBuildFile; fileRef = 8CB799D91F23C1EE00EF764E /* Assets.xcassets */; };
		8CB799DD1F23C1EE00EF764E /* LaunchScreen.storyboard in Resources */ = {isa = PBXBuildFile; fileRef = 8CB799DB1F23C1EE00EF764E /* LaunchScreen.storyboard */; };
		8CB799FE1F23D99D00EF764E /* VendorOrdersViewController.swift in Sources */ = {isa = PBXBuildFile; fileRef = 8CB799FD1F23D99D00EF764E /* VendorOrdersViewController.swift */; };
		F951BB444FB40E30697BAB25 /* Pods_LocationManagersCheckList_no_keyboard.framework in Frameworks */ = {isa = PBXBuildFile; fileRef = C8252D5922EBFDE877B6AF87 /* Pods_LocationManagersCheckList_no_keyboard.framework */; };
/* End PBXBuildFile section */

/* Begin PBXFileReference section */
		8CB799CF1F23C1EE00EF764E /* LocationManagersCheckList no keyboard.app */ = {isa = PBXFileReference; explicitFileType = wrapper.application; includeInIndex = 0; path = "LocationManagersCheckList no keyboard.app"; sourceTree = BUILT_PRODUCTS_DIR; };
		8CB799D41F23C1EE00EF764E /* ViewController.swift */ = {isa = PBXFileReference; lastKnownFileType = sourcecode.swift; path = ViewController.swift; sourceTree = "<group>"; };
		8CB799D71F23C1EE00EF764E /* Base */ = {isa = PBXFileReference; lastKnownFileType = file.storyboard; name = Base; path = Base.lproj/Main.storyboard; sourceTree = "<group>"; };
		8CB799D91F23C1EE00EF764E /* Assets.xcassets */ = {isa = PBXFileReference; lastKnownFileType = folder.assetcatalog; path = Assets.xcassets; sourceTree = "<group>"; };
		8CB799DC1F23C1EE00EF764E /* Base */ = {isa = PBXFileReference; lastKnownFileType = file.storyboard; name = Base; path = Base.lproj/LaunchScreen.storyboard; sourceTree = "<group>"; };
		8CB799DE1F23C1EF00EF764E /* Info.plist */ = {isa = PBXFileReference; lastKnownFileType = text.plist.xml; path = Info.plist; sourceTree = "<group>"; };
		8CB799FD1F23D99D00EF764E /* VendorOrdersViewController.swift */ = {isa = PBXFileReference; lastKnownFileType = sourcecode.swift; path = VendorOrdersViewController.swift; sourceTree = "<group>"; };
		8CB799FF1F23E8C000EF764E /* AddCheckListItemViewController.swift */ = {isa = PBXFileReference; lastKnownFileType = sourcecode.swift; path = AddCheckListItemViewController.swift; sourceTree = "<group>"; };
		8CB79A001F23E8C000EF764E /* AddProjectViewController.swift */ = {isa = PBXFileReference; lastKnownFileType = sourcecode.swift; path = AddProjectViewController.swift; sourceTree = "<group>"; };
		8CB79A011F23E8C000EF764E /* AddTeamMembersTableViewController.swift */ = {isa = PBXFileReference; lastKnownFileType = sourcecode.swift; path = AddTeamMembersTableViewController.swift; sourceTree = "<group>"; };
		8CB79A021F23E8C900EF764E /* CheckListTableViewCell.swift */ = {isa = PBXFileReference; lastKnownFileType = sourcecode.swift; path = CheckListTableViewCell.swift; sourceTree = "<group>"; };
		8CB79A031F23E8C900EF764E /* CheckListHelper.swift */ = {isa = PBXFileReference; lastKnownFileType = sourcecode.swift; path = CheckListHelper.swift; sourceTree = "<group>"; };
		8CB79A041F23E8C900EF764E /* CheckListViewController.swift */ = {isa = PBXFileReference; lastKnownFileType = sourcecode.swift; path = CheckListViewController.swift; sourceTree = "<group>"; };
		8CB79A051F23E8D900EF764E /* ProjectLocationsViewController.swift */ = {isa = PBXFileReference; lastKnownFileType = sourcecode.swift; path = ProjectLocationsViewController.swift; sourceTree = "<group>"; };
		8CB79A061F23E8D900EF764E /* ProjectViewController.swift */ = {isa = PBXFileReference; lastKnownFileType = sourcecode.swift; path = ProjectViewController.swift; sourceTree = "<group>"; };
		8CB79A071F23E8D900EF764E /* LocationInformationViewController.swift */ = {isa = PBXFileReference; lastKnownFileType = sourcecode.swift; path = LocationInformationViewController.swift; sourceTree = "<group>"; };
		8CB79A081F23EE6500EF764E /* HoltwoodOneSC2.ttf */ = {isa = PBXFileReference; lastKnownFileType = file; path = HoltwoodOneSC2.ttf; sourceTree = "<group>"; };
		8CB79A091F23EE6A00EF764E /* OFL2.txt */ = {isa = PBXFileReference; lastKnownFileType = text; path = OFL2.txt; sourceTree = "<group>"; };
		C8252D5922EBFDE877B6AF87 /* Pods_LocationManagersCheckList_no_keyboard.framework */ = {isa = PBXFileReference; explicitFileType = wrapper.framework; includeInIndex = 0; path = Pods_LocationManagersCheckList_no_keyboard.framework; sourceTree = BUILT_PRODUCTS_DIR; };
		D78E6B20477E4C0EF94CFB31 /* Pods-LocationManagersCheckList no keyboard.release.xcconfig */ = {isa = PBXFileReference; includeInIndex = 1; lastKnownFileType = text.xcconfig; name = "Pods-LocationManagersCheckList no keyboard.release.xcconfig"; path = "Pods/Target Support Files/Pods-LocationManagersCheckList no keyboard/Pods-LocationManagersCheckList no keyboard.release.xcconfig"; sourceTree = "<group>"; };
		E9B84D2E7732BDA641744346 /* Pods-LocationManagersCheckList no keyboard.debug.xcconfig */ = {isa = PBXFileReference; includeInIndex = 1; lastKnownFileType = text.xcconfig; name = "Pods-LocationManagersCheckList no keyboard.debug.xcconfig"; path = "Pods/Target Support Files/Pods-LocationManagersCheckList no keyboard/Pods-LocationManagersCheckList no keyboard.debug.xcconfig"; sourceTree = "<group>"; };
/* End PBXFileReference section */

/* Begin PBXFrameworksBuildPhase section */
		8CB799CC1F23C1EE00EF764E /* Frameworks */ = {
			isa = PBXFrameworksBuildPhase;
			buildActionMask = 2147483647;
			files = (
				F951BB444FB40E30697BAB25 /* Pods_LocationManagersCheckList_no_keyboard.framework in Frameworks */,
			);
			runOnlyForDeploymentPostprocessing = 0;
		};
/* End PBXFrameworksBuildPhase section */

/* Begin PBXGroup section */
		8CB799C61F23C1EE00EF764E = {
			isa = PBXGroup;
			children = (
				8CB799D11F23C1EE00EF764E /* LocationManagersCheckList no keyboard */,
				8CB799F81F23C6A500EF764E /* Resources */,
				8CB799D01F23C1EE00EF764E /* Products */,
				A9DD82B56DB6E4D073A4A3F8 /* Pods */,
				E47FC4EC21F17DA64BCB2DEB /* Frameworks */,
			);
			sourceTree = "<group>";
		};
		8CB799D01F23C1EE00EF764E /* Products */ = {
			isa = PBXGroup;
			children = (
				8CB799CF1F23C1EE00EF764E /* LocationManagersCheckList no keyboard.app */,
			);
			name = Products;
			sourceTree = "<group>";
		};
		8CB799D11F23C1EE00EF764E /* LocationManagersCheckList no keyboard */ = {
			isa = PBXGroup;
			children = (
				8CB79A031F23E8C900EF764E /* CheckListHelper.swift */,
				8CB799D41F23C1EE00EF764E /* ViewController.swift */,
				8CB79A061F23E8D900EF764E /* ProjectViewController.swift */,
				8CB79A001F23E8C000EF764E /* AddProjectViewController.swift */,
				8CB79A011F23E8C000EF764E /* AddTeamMembersTableViewController.swift */,
				8CB79A051F23E8D900EF764E /* ProjectLocationsViewController.swift */,
				8CB79A041F23E8C900EF764E /* CheckListViewController.swift */,
				8CB799FF1F23E8C000EF764E /* AddCheckListItemViewController.swift */,
				8CB79A071F23E8D900EF764E /* LocationInformationViewController.swift */,
				8CB79A021F23E8C900EF764E /* CheckListTableViewCell.swift */,
				8CB799FD1F23D99D00EF764E /* VendorOrdersViewController.swift */,
				8CB799D61F23C1EE00EF764E /* Main.storyboard */,
				8CB799DB1F23C1EE00EF764E /* LaunchScreen.storyboard */,
				8CB799DE1F23C1EF00EF764E /* Info.plist */,
			);
			path = "LocationManagersCheckList no keyboard";
			sourceTree = "<group>";
		};
		8CB799F81F23C6A500EF764E /* Resources */ = {
			isa = PBXGroup;
			children = (
				8CB79A081F23EE6500EF764E /* HoltwoodOneSC2.ttf */,
				8CB79A091F23EE6A00EF764E /* OFL2.txt */,
				8CB799D91F23C1EE00EF764E /* Assets.xcassets */,
			);
			name = Resources;
			sourceTree = "<group>";
		};
		A9DD82B56DB6E4D073A4A3F8 /* Pods */ = {
			isa = PBXGroup;
			children = (
				E9B84D2E7732BDA641744346 /* Pods-LocationManagersCheckList no keyboard.debug.xcconfig */,
				D78E6B20477E4C0EF94CFB31 /* Pods-LocationManagersCheckList no keyboard.release.xcconfig */,
			);
			name = Pods;
			sourceTree = "<group>";
		};
		E47FC4EC21F17DA64BCB2DEB /* Frameworks */ = {
			isa = PBXGroup;
			children = (
				C8252D5922EBFDE877B6AF87 /* Pods_LocationManagersCheckList_no_keyboard.framework */,
			);
			name = Frameworks;
			sourceTree = "<group>";
		};
/* End PBXGroup section */

/* Begin PBXNativeTarget section */
		8CB799CE1F23C1EE00EF764E /* LocationManagersCheckList no keyboard */ = {
			isa = PBXNativeTarget;
			buildConfigurationList = 8CB799E11F23C1EF00EF764E /* Build configuration list for PBXNativeTarget "LocationManagersCheckList no keyboard" */;
			buildPhases = (
				F40DAAC8A562F0DA1ED07120 /* [CP] Check Pods Manifest.lock */,
				8CB799CB1F23C1EE00EF764E /* Sources */,
				8CB799CC1F23C1EE00EF764E /* Frameworks */,
				8CB799CD1F23C1EE00EF764E /* Resources */,
				1725553307807D2FBB6844EE /* [CP] Embed Pods Frameworks */,
				49FADDBC2E57611F9394FFC9 /* [CP] Copy Pods Resources */,
			);
			buildRules = (
			);
			dependencies = (
			);
			name = "LocationManagersCheckList no keyboard";
			productName = "LocationManagersCheckList no keyboard";
			productReference = 8CB799CF1F23C1EE00EF764E /* LocationManagersCheckList no keyboard.app */;
			productType = "com.apple.product-type.application";
		};
/* End PBXNativeTarget section */

/* Begin PBXProject section */
		8CB799C71F23C1EE00EF764E /* Project object */ = {
			isa = PBXProject;
			attributes = {
				LastSwiftUpdateCheck = 0900;
				LastUpgradeCheck = 0900;
				ORGANIZATIONNAME = "Zachary Quemore";
				TargetAttributes = {
					8CB799CE1F23C1EE00EF764E = {
						CreatedOnToolsVersion = 9.0;
					};
				};
			};
			buildConfigurationList = 8CB799CA1F23C1EE00EF764E /* Build configuration list for PBXProject "LocationManagersCheckList no keyboard" */;
			compatibilityVersion = "Xcode 8.0";
			developmentRegion = en;
			hasScannedForEncodings = 0;
			knownRegions = (
				en,
				Base,
			);
			mainGroup = 8CB799C61F23C1EE00EF764E;
			productRefGroup = 8CB799D01F23C1EE00EF764E /* Products */;
			projectDirPath = "";
			projectRoot = "";
			targets = (
				8CB799CE1F23C1EE00EF764E /* LocationManagersCheckList no keyboard */,
			);
		};
/* End PBXProject section */

/* Begin PBXResourcesBuildPhase section */
		8CB799CD1F23C1EE00EF764E /* Resources */ = {
			isa = PBXResourcesBuildPhase;
			buildActionMask = 2147483647;
			files = (
				8CB799DD1F23C1EE00EF764E /* LaunchScreen.storyboard in Resources */,
				8CB799DA1F23C1EE00EF764E /* Assets.xcassets in Resources */,
				8CB799D81F23C1EE00EF764E /* Main.storyboard in Resources */,
			);
			runOnlyForDeploymentPostprocessing = 0;
		};
/* End PBXResourcesBuildPhase section */

/* Begin PBXShellScriptBuildPhase section */
		1725553307807D2FBB6844EE /* [CP] Embed Pods Frameworks */ = {
			isa = PBXShellScriptBuildPhase;
			buildActionMask = 2147483647;
			files = (
			);
			inputPaths = (
			);
			name = "[CP] Embed Pods Frameworks";
			outputPaths = (
			);
			runOnlyForDeploymentPostprocessing = 0;
			shellPath = /bin/sh;
			shellScript = "\"${SRCROOT}/Pods/Target Support Files/Pods-LocationManagersCheckList no keyboard/Pods-LocationManagersCheckList no keyboard-frameworks.sh\"\n";
			showEnvVarsInLog = 0;
		};
		49FADDBC2E57611F9394FFC9 /* [CP] Copy Pods Resources */ = {
			isa = PBXShellScriptBuildPhase;
			buildActionMask = 2147483647;
			files = (
			);
			inputPaths = (
			);
			name = "[CP] Copy Pods Resources";
			outputPaths = (
			);
			runOnlyForDeploymentPostprocessing = 0;
			shellPath = /bin/sh;
			shellScript = "\"${SRCROOT}/Pods/Target Support Files/Pods-LocationManagersCheckList no keyboard/Pods-LocationManagersCheckList no keyboard-resources.sh\"\n";
			showEnvVarsInLog = 0;
		};
		F40DAAC8A562F0DA1ED07120 /* [CP] Check Pods Manifest.lock */ = {
			isa = PBXShellScriptBuildPhase;
			buildActionMask = 2147483647;
			files = (
			);
			inputPaths = (
			);
			name = "[CP] Check Pods Manifest.lock";
			outputPaths = (
			);
			runOnlyForDeploymentPostprocessing = 0;
			shellPath = /bin/sh;
			shellScript = "diff \"${PODS_ROOT}/../Podfile.lock\" \"${PODS_ROOT}/Manifest.lock\" > /dev/null\nif [ $? != 0 ] ; then\n    # print error to STDERR\n    echo \"error: The sandbox is not in sync with the Podfile.lock. Run 'pod install' or update your CocoaPods installation.\" >&2\n    exit 1\nfi\n";
			showEnvVarsInLog = 0;
		};
/* End PBXShellScriptBuildPhase section */

/* Begin PBXSourcesBuildPhase section */
		8CB799CB1F23C1EE00EF764E /* Sources */ = {
			isa = PBXSourcesBuildPhase;
			buildActionMask = 2147483647;
			files = (
				8CB799D51F23C1EE00EF764E /* ViewController.swift in Sources */,
				8CB799FE1F23D99D00EF764E /* VendorOrdersViewController.swift in Sources */,
			);
			runOnlyForDeploymentPostprocessing = 0;
		};
/* End PBXSourcesBuildPhase section */

/* Begin PBXVariantGroup section */
		8CB799D61F23C1EE00EF764E /* Main.storyboard */ = {
			isa = PBXVariantGroup;
			children = (
				8CB799D71F23C1EE00EF764E /* Base */,
			);
			name = Main.storyboard;
			sourceTree = "<group>";
		};
		8CB799DB1F23C1EE00EF764E /* LaunchScreen.storyboard */ = {
			isa = PBXVariantGroup;
			children = (
				8CB799DC1F23C1EE00EF764E /* Base */,
			);
			name = LaunchScreen.storyboard;
			sourceTree = "<group>";
		};
/* End PBXVariantGroup section */

/* Begin XCBuildConfiguration section */
		8CB799DF1F23C1EF00EF764E /* Debug */ = {
			isa = XCBuildConfiguration;
			buildSettings = {
				ALWAYS_SEARCH_USER_PATHS = NO;
				CLANG_ANALYZER_NONNULL = YES;
				CLANG_ANALYZER_NUMBER_OBJECT_CONVERSION = YES_AGGRESSIVE;
				CLANG_CXX_LANGUAGE_STANDARD = "gnu++14";
				CLANG_CXX_LIBRARY = "libc++";
				CLANG_ENABLE_MODULES = YES;
				CLANG_ENABLE_OBJC_ARC = YES;
				CLANG_WARN_BLOCK_CAPTURE_AUTORELEASING = YES;
				CLANG_WARN_BOOL_CONVERSION = YES;
				CLANG_WARN_COMMA = YES;
				CLANG_WARN_CONSTANT_CONVERSION = YES;
				CLANG_WARN_DIRECT_OBJC_ISA_USAGE = YES_ERROR;
				CLANG_WARN_DOCUMENTATION_COMMENTS = YES;
				CLANG_WARN_EMPTY_BODY = YES;
				CLANG_WARN_ENUM_CONVERSION = YES;
				CLANG_WARN_INFINITE_RECURSION = YES;
				CLANG_WARN_INT_CONVERSION = YES;
				CLANG_WARN_OBJC_ROOT_CLASS = YES_ERROR;
				CLANG_WARN_RANGE_LOOP_ANALYSIS = YES;
				CLANG_WARN_STRICT_PROTOTYPES = YES;
				CLANG_WARN_SUSPICIOUS_MOVE = YES;
				CLANG_WARN_UNGUARDED_AVAILABILITY = YES_AGGRESSIVE;
				CLANG_WARN_UNREACHABLE_CODE = YES;
				CLANG_WARN__DUPLICATE_METHOD_MATCH = YES;
				CODE_SIGN_IDENTITY = "iPhone Developer";
				COPY_PHASE_STRIP = NO;
				DEBUG_INFORMATION_FORMAT = dwarf;
				ENABLE_STRICT_OBJC_MSGSEND = YES;
				ENABLE_TESTABILITY = YES;
				GCC_C_LANGUAGE_STANDARD = gnu11;
				GCC_DYNAMIC_NO_PIC = NO;
				GCC_NO_COMMON_BLOCKS = YES;
				GCC_OPTIMIZATION_LEVEL = 0;
				GCC_PREPROCESSOR_DEFINITIONS = (
					"DEBUG=1",
					"$(inherited)",
				);
				GCC_WARN_64_TO_32_BIT_CONVERSION = YES;
				GCC_WARN_ABOUT_RETURN_TYPE = YES_ERROR;
				GCC_WARN_UNDECLARED_SELECTOR = YES;
				GCC_WARN_UNINITIALIZED_AUTOS = YES_AGGRESSIVE;
				GCC_WARN_UNUSED_FUNCTION = YES;
				GCC_WARN_UNUSED_VARIABLE = YES;
				IPHONEOS_DEPLOYMENT_TARGET = 11.0;
				MTL_ENABLE_DEBUG_INFO = YES;
				ONLY_ACTIVE_ARCH = YES;
				SDKROOT = iphoneos;
				SWIFT_ACTIVE_COMPILATION_CONDITIONS = DEBUG;
				SWIFT_OPTIMIZATION_LEVEL = "-Onone";
			};
			name = Debug;
		};
		8CB799E01F23C1EF00EF764E /* Release */ = {
			isa = XCBuildConfiguration;
			buildSettings = {
				ALWAYS_SEARCH_USER_PATHS = NO;
				CLANG_ANALYZER_NONNULL = YES;
				CLANG_ANALYZER_NUMBER_OBJECT_CONVERSION = YES_AGGRESSIVE;
				CLANG_CXX_LANGUAGE_STANDARD = "gnu++14";
				CLANG_CXX_LIBRARY = "libc++";
				CLANG_ENABLE_MODULES = YES;
				CLANG_ENABLE_OBJC_ARC = YES;
				CLANG_WARN_BLOCK_CAPTURE_AUTORELEASING = YES;
				CLANG_WARN_BOOL_CONVERSION = YES;
				CLANG_WARN_COMMA = YES;
				CLANG_WARN_CONSTANT_CONVERSION = YES;
				CLANG_WARN_DIRECT_OBJC_ISA_USAGE = YES_ERROR;
				CLANG_WARN_DOCUMENTATION_COMMENTS = YES;
				CLANG_WARN_EMPTY_BODY = YES;
				CLANG_WARN_ENUM_CONVERSION = YES;
				CLANG_WARN_INFINITE_RECURSION = YES;
				CLANG_WARN_INT_CONVERSION = YES;
				CLANG_WARN_OBJC_ROOT_CLASS = YES_ERROR;
				CLANG_WARN_RANGE_LOOP_ANALYSIS = YES;
				CLANG_WARN_STRICT_PROTOTYPES = YES;
				CLANG_WARN_SUSPICIOUS_MOVE = YES;
				CLANG_WARN_UNGUARDED_AVAILABILITY = YES_AGGRESSIVE;
				CLANG_WARN_UNREACHABLE_CODE = YES;
				CLANG_WARN__DUPLICATE_METHOD_MATCH = YES;
				CODE_SIGN_IDENTITY = "iPhone Developer";
				COPY_PHASE_STRIP = NO;
				DEBUG_INFORMATION_FORMAT = "dwarf-with-dsym";
				ENABLE_NS_ASSERTIONS = NO;
				ENABLE_STRICT_OBJC_MSGSEND = YES;
				GCC_C_LANGUAGE_STANDARD = gnu11;
				GCC_NO_COMMON_BLOCKS = YES;
				GCC_WARN_64_TO_32_BIT_CONVERSION = YES;
				GCC_WARN_ABOUT_RETURN_TYPE = YES_ERROR;
				GCC_WARN_UNDECLARED_SELECTOR = YES;
				GCC_WARN_UNINITIALIZED_AUTOS = YES_AGGRESSIVE;
				GCC_WARN_UNUSED_FUNCTION = YES;
				GCC_WARN_UNUSED_VARIABLE = YES;
				IPHONEOS_DEPLOYMENT_TARGET = 11.0;
				MTL_ENABLE_DEBUG_INFO = NO;
				SDKROOT = iphoneos;
				SWIFT_OPTIMIZATION_LEVEL = "-Owholemodule";
				VALIDATE_PRODUCT = YES;
			};
			name = Release;
		};
		8CB799E21F23C1EF00EF764E /* Debug */ = {
			isa = XCBuildConfiguration;
			baseConfigurationReference = E9B84D2E7732BDA641744346 /* Pods-LocationManagersCheckList no keyboard.debug.xcconfig */;
			buildSettings = {
				ASSETCATALOG_COMPILER_APPICON_NAME = AppIcon;
				DEVELOPMENT_TEAM = V63MCVZ6NB;
				INFOPLIST_FILE = "LocationManagersCheckList no keyboard/Info.plist";
				LD_RUNPATH_SEARCH_PATHS = "$(inherited) @executable_path/Frameworks";
				PRODUCT_BUNDLE_IDENTIFIER = "ZQ.LocationManagersCheckList-no-keyboard";
				PRODUCT_NAME = "$(TARGET_NAME)";
				SWIFT_VERSION = 4.0;
				TARGETED_DEVICE_FAMILY = "1,2";
			};
			name = Debug;
		};
		8CB799E31F23C1EF00EF764E /* Release */ = {
			isa = XCBuildConfiguration;
			baseConfigurationReference = D78E6B20477E4C0EF94CFB31 /* Pods-LocationManagersCheckList no keyboard.release.xcconfig */;
			buildSettings = {
				ASSETCATALOG_COMPILER_APPICON_NAME = AppIcon;
				DEVELOPMENT_TEAM = V63MCVZ6NB;
				INFOPLIST_FILE = "LocationManagersCheckList no keyboard/Info.plist";
				LD_RUNPATH_SEARCH_PATHS = "$(inherited) @executable_path/Frameworks";
				PRODUCT_BUNDLE_IDENTIFIER = "ZQ.LocationManagersCheckList-no-keyboard";
				PRODUCT_NAME = "$(TARGET_NAME)";
				SWIFT_VERSION = 4.0;
				TARGETED_DEVICE_FAMILY = "1,2";
			};
			name = Release;
		};
/* End XCBuildConfiguration section */

/* Begin XCConfigurationList section */
		8CB799CA1F23C1EE00EF764E /* Build configuration list for PBXProject "LocationManagersCheckList no keyboard" */ = {
			isa = XCConfigurationList;
			buildConfigurations = (
				8CB799DF1F23C1EF00EF764E /* Debug */,
				8CB799E01F23C1EF00EF764E /* Release */,
			);
			defaultConfigurationIsVisible = 0;
			defaultConfigurationName = Release;
		};
		8CB799E11F23C1EF00EF764E /* Build configuration list for PBXNativeTarget "LocationManagersCheckList no keyboard" */ = {
			isa = XCConfigurationList;
			buildConfigurations = (
				8CB799E21F23C1EF00EF764E /* Debug */,
				8CB799E31F23C1EF00EF764E /* Release */,
			);
			defaultConfigurationIsVisible = 0;
			defaultConfigurationName = Release;
		};
/* End XCConfigurationList section */
	};
	rootObject = 8CB799C71F23C1EE00EF764E /* Project object */;
}
